
Microsoft Visual Studio Solution File, Format Version 12.00
# Visual Studio 2013
VisualStudioVersion = 12.0.40629.0
MinimumVisualStudioVersion = 10.0.40219.1
Project("{FAE04EC0-301F-11D3-BF4B-00C04F79EFBC}") = "Coaster", "Coaster\Coaster.csproj", "{3276274E-A666-483B-9B55-CAB5AE7167C0}"
EndProject
Project("{FAE04EC0-301F-11D3-BF4B-00C04F79EFBC}") = "RLE", "RLE\RLE.csproj", "{AD1C1A55-21C0-4B85-B403-54FCB9F90EC7}"
EndProject
Global
	GlobalSection(SolutionConfigurationPlatforms) = preSolution
		Debug|Any CPU = Debug|Any CPU
		Release|Any CPU = Release|Any CPU
	EndGlobalSection
	GlobalSection(ProjectConfigurationPlatforms) = postSolution
		{3276274E-A666-483B-9B55-CAB5AE7167C0}.Debug|Any CPU.ActiveCfg = Debug|Any CPU
		{3276274E-A666-483B-9B55-CAB5AE7167C0}.Debug|Any CPU.Build.0 = Debug|Any CPU
		{3276274E-A666-483B-9B55-CAB5AE7167C0}.Release|Any CPU.ActiveCfg = Release|Any CPU
		{3276274E-A666-483B-9B55-CAB5AE7167C0}.Release|Any CPU.Build.0 = Release|Any CPU
		{AD1C1A55-21C0-4B85-B403-54FCB9F90EC7}.Debug|Any CPU.ActiveCfg = Debug|Any CPU
		{AD1C1A55-21C0-4B85-B403-54FCB9F90EC7}.Debug|Any CPU.Build.0 = Debug|Any CPU
		{AD1C1A55-21C0-4B85-B403-54FCB9F90EC7}.Release|Any CPU.ActiveCfg = Release|Any CPU
		{AD1C1A55-21C0-4B85-B403-54FCB9F90EC7}.Release|Any CPU.Build.0 = Release|Any CPU
	EndGlobalSection
	GlobalSection(SolutionProperties) = preSolution
		HideSolutionNode = FALSE
	EndGlobalSection
EndGlobal
